{
  "version": 4,
  "terraform_version": "0.13.2",
  "serial": 7,
  "lineage": "c19e80c3-0260-be3e-9d29-9200632deba9",
  "outputs": {
    "fqdn": {
      "value": "tf-dns.eastus.azurecontainer.io",
      "type": "string"
    },
    "ip_address": {
      "value": "52.191.222.142",
      "type": "string"
    }
  },
  "resources": [
    {
      "mode": "managed",
      "type": "azurerm_container_group",
      "name": "cg_counter",
      "provider": "provider[\"registry.terraform.io/hashicorp/azurerm\"]",
      "instances": [
        {
          "schema_version": 0,
          "attributes": {
            "container": [
              {
                "commands": [],
                "cpu": 2,
                "environment_variables": null,
                "gpu": [],
                "image": "cs16ds/server:latest",
                "liveness_probe": [],
                "memory": 4,
                "name": "counter-strike",
                "ports": [
                  {
                    "port": 26900,
                    "protocol": "UDP"
                  },
                  {
                    "port": 27015,
                    "protocol": "UDP"
                  },
                  {
                    "port": 27020,
                    "protocol": "UDP"
                  }
                ],
                "readiness_probe": [],
                "secure_environment_variables": null,
                "volume": []
              }
            ],
            "diagnostics": [],
            "dns_name_label": "tf-dns",
            "fqdn": "tf-dns.eastus.azurecontainer.io",
            "id": "/subscriptions/546a0ade-e5d0-4dd1-b9c8-12456f9a14a5/resourceGroups/tf-counter/providers/Microsoft.ContainerInstance/containerGroups/tf-counter",
            "identity": [],
            "image_registry_credential": [],
            "ip_address": "52.191.222.142",
            "ip_address_type": "Public",
            "location": "eastus",
            "name": "tf-counter",
            "network_profile_id": null,
            "os_type": "Linux",
            "resource_group_name": "tf-counter",
            "restart_policy": "Always",
            "tags": {
              "environment": "gaming"
            },
            "timeouts": null
          },
          "private": "eyJlMmJmYjczMC1lY2FhLTExZTYtOGY4OC0zNDM2M2JjN2M0YzAiOnsiY3JlYXRlIjoxODAwMDAwMDAwMDAwLCJkZWxldGUiOjE4MDAwMDAwMDAwMDAsInJlYWQiOjMwMDAwMDAwMDAwMCwidXBkYXRlIjoxODAwMDAwMDAwMDAwfX0="
        }
      ]
    },
    {
      "mode": "managed",
      "type": "azurerm_resource_group",
      "name": "rg_counter",
      "provider": "provider[\"registry.terraform.io/hashicorp/azurerm\"]",
      "instances": [
        {
          "schema_version": 0,
          "attributes": {
            "id": "/subscriptions/546a0ade-e5d0-4dd1-b9c8-12456f9a14a5/resourceGroups/tf-counter",
            "location": "eastus",
            "name": "tf-counter",
            "tags": {},
            "timeouts": null
          },
          "private": "eyJlMmJmYjczMC1lY2FhLTExZTYtOGY4OC0zNDM2M2JjN2M0YzAiOnsiY3JlYXRlIjo1NDAwMDAwMDAwMDAwLCJkZWxldGUiOjU0MDAwMDAwMDAwMDAsInJlYWQiOjMwMDAwMDAwMDAwMCwidXBkYXRlIjo1NDAwMDAwMDAwMDAwfX0="
        }
      ]
    }
  ]
}
